
Microsoft Visual Studio Solution File, Format Version 12.00
# Visual Studio 15
VisualStudioVersion = 15.0.26730.15
MinimumVisualStudioVersion = 10.0.40219.1
Project("{FAE04EC0-301F-11D3-BF4B-00C04F79EFBC}") = "UserInput", "UserInput\UserInput.csproj", "{6A0318CC-4091-4F5A-B5D9-D6C5724E1FF5}"
EndProject
Project("{FAE04EC0-301F-11D3-BF4B-00C04F79EFBC}") = "TestUserInput", "TestUserInput\TestUserInput.csproj", "{EADE3338-51FD-41AD-B053-616C7BECD40A}"
EndProject
Global
	GlobalSection(SolutionConfigurationPlatforms) = preSolution
		Debug|Any CPU = Debug|Any CPU
		Release|Any CPU = Release|Any CPU
	EndGlobalSection
	GlobalSection(ProjectConfigurationPlatforms) = postSolution
		{6A0318CC-4091-4F5A-B5D9-D6C5724E1FF5}.Debug|Any CPU.ActiveCfg = Debug|Any CPU
		{6A0318CC-4091-4F5A-B5D9-D6C5724E1FF5}.Debug|Any CPU.Build.0 = Debug|Any CPU
		{6A0318CC-4091-4F5A-B5D9-D6C5724E1FF5}.Release|Any CPU.ActiveCfg = Release|Any CPU
		{6A0318CC-4091-4F5A-B5D9-D6C5724E1FF5}.Release|Any CPU.Build.0 = Release|Any CPU
		{EADE3338-51FD-41AD-B053-616C7BECD40A}.Debug|Any CPU.ActiveCfg = Debug|Any CPU
		{EADE3338-51FD-41AD-B053-616C7BECD40A}.Debug|Any CPU.Build.0 = Debug|Any CPU
		{EADE3338-51FD-41AD-B053-616C7BECD40A}.Release|Any CPU.ActiveCfg = Release|Any CPU
		{EADE3338-51FD-41AD-B053-616C7BECD40A}.Release|Any CPU.Build.0 = Release|Any CPU
	EndGlobalSection
	GlobalSection(SolutionProperties) = preSolution
		HideSolutionNode = FALSE
	EndGlobalSection
	GlobalSection(ExtensibilityGlobals) = postSolution
		SolutionGuid = {5F2FF473-9EC1-4B7E-A040-17428ADE296C}
	EndGlobalSection
EndGlobal
